
Microsoft Visual Studio Solution File, Format Version 12.00
# Visual Studio Version 16
VisualStudioVersion = 16.0.30104.148
MinimumVisualStudioVersion = 10.0.40219.1
Project("{FAE04EC0-301F-11D3-BF4B-00C04F79EFBC}") = "CantidadDe0", "CantidadDe0\CantidadDe0.csproj", "{E9AB257A-D7D9-41A5-8B58-5B7B100C9A28}"
EndProject
Global
	GlobalSection(SolutionConfigurationPlatforms) = preSolution
		Debug|Any CPU = Debug|Any CPU
		Release|Any CPU = Release|Any CPU
	EndGlobalSection
	GlobalSection(ProjectConfigurationPlatforms) = postSolution
		{E9AB257A-D7D9-41A5-8B58-5B7B100C9A28}.Debug|Any CPU.ActiveCfg = Debug|Any CPU
		{E9AB257A-D7D9-41A5-8B58-5B7B100C9A28}.Debug|Any CPU.Build.0 = Debug|Any CPU
		{E9AB257A-D7D9-41A5-8B58-5B7B100C9A28}.Release|Any CPU.ActiveCfg = Release|Any CPU
		{E9AB257A-D7D9-41A5-8B58-5B7B100C9A28}.Release|Any CPU.Build.0 = Release|Any CPU
	EndGlobalSection
	GlobalSection(SolutionProperties) = preSolution
		HideSolutionNode = FALSE
	EndGlobalSection
	GlobalSection(ExtensibilityGlobals) = postSolution
		SolutionGuid = {12140F5F-DD22-48B3-8C9A-48455BCCF48D}
	EndGlobalSection
EndGlobal
